
Microsoft Visual Studio Solution File, Format Version 12.00
# Visual Studio Version 17
VisualStudioVersion = 17.9.34622.214
MinimumVisualStudioVersion = 10.0.40219.1
Project("{FAE04EC0-301F-11D3-BF4B-00C04F79EFBC}") = "Estudiantes", "Estudiantes\Estudiantes.csproj", "{F83F04FB-B0FC-4A41-94EC-706AD614B968}"
EndProject
Project("{FAE04EC0-301F-11D3-BF4B-00C04F79EFBC}") = "Data", "Data\Data.csproj", "{640D29BF-1EDB-4DF8-B9FB-39F7D074ACB4}"
EndProject
Project("{FAE04EC0-301F-11D3-BF4B-00C04F79EFBC}") = "Logica", "Logica\Logica.csproj", "{E8C3171F-F688-4FE2-AC69-6E0F0904CFFC}"
EndProject
Global
	GlobalSection(SolutionConfigurationPlatforms) = preSolution
		Debug|Any CPU = Debug|Any CPU
		Release|Any CPU = Release|Any CPU
	EndGlobalSection
	GlobalSection(ProjectConfigurationPlatforms) = postSolution
		{F83F04FB-B0FC-4A41-94EC-706AD614B968}.Debug|Any CPU.ActiveCfg = Debug|Any CPU
		{F83F04FB-B0FC-4A41-94EC-706AD614B968}.Debug|Any CPU.Build.0 = Debug|Any CPU
		{F83F04FB-B0FC-4A41-94EC-706AD614B968}.Release|Any CPU.ActiveCfg = Release|Any CPU
		{F83F04FB-B0FC-4A41-94EC-706AD614B968}.Release|Any CPU.Build.0 = Release|Any CPU
		{640D29BF-1EDB-4DF8-B9FB-39F7D074ACB4}.Debug|Any CPU.ActiveCfg = Debug|Any CPU
		{640D29BF-1EDB-4DF8-B9FB-39F7D074ACB4}.Debug|Any CPU.Build.0 = Debug|Any CPU
		{640D29BF-1EDB-4DF8-B9FB-39F7D074ACB4}.Release|Any CPU.ActiveCfg = Release|Any CPU
		{640D29BF-1EDB-4DF8-B9FB-39F7D074ACB4}.Release|Any CPU.Build.0 = Release|Any CPU
		{E8C3171F-F688-4FE2-AC69-6E0F0904CFFC}.Debug|Any CPU.ActiveCfg = Debug|Any CPU
		{E8C3171F-F688-4FE2-AC69-6E0F0904CFFC}.Debug|Any CPU.Build.0 = Debug|Any CPU
		{E8C3171F-F688-4FE2-AC69-6E0F0904CFFC}.Release|Any CPU.ActiveCfg = Release|Any CPU
		{E8C3171F-F688-4FE2-AC69-6E0F0904CFFC}.Release|Any CPU.Build.0 = Release|Any CPU
	EndGlobalSection
	GlobalSection(SolutionProperties) = preSolution
		HideSolutionNode = FALSE
	EndGlobalSection
	GlobalSection(ExtensibilityGlobals) = postSolution
		SolutionGuid = {2E62274F-1466-4429-8AC6-56E73000F16E}
	EndGlobalSection
EndGlobal
